# THIS IS AN AUTOGENERATED FILE. DO NOT EDIT THIS FILE DIRECTLY.
# yarn lockfile v1


"@types/aws-lambda@0.0.16":
  version "0.0.16"
  resolved "https://registry.yarnpkg.com/@types/aws-lambda/-/aws-lambda-0.0.16.tgz#12dd6936d0f1e1c0ef6fc2fbd2d0a461889d7f56"

"@types/graphql@^0.9.0":
  version "0.9.4"
  resolved "https://registry.yarnpkg.com/@types/graphql/-/graphql-0.9.4.tgz#cdeb6bcbef9b6c584374b81aa7f48ecf3da404fa"

accept@2.x.x:
  version "2.1.4"
  resolved "https://registry.yarnpkg.com/accept/-/accept-2.1.4.tgz#887af54ceee5c7f4430461971ec400c61d09acbb"
  dependencies:
    boom "5.x.x"
    hoek "4.x.x"

ammo@2.x.x:
  version "2.0.4"
  resolved "https://registry.yarnpkg.com/ammo/-/ammo-2.0.4.tgz#bf80aab211698ea78f63ef5e7f113dd5d9e8917f"
  dependencies:
    boom "5.x.x"
    hoek "4.x.x"

ansi-regex@^2.0.0:
  version "2.1.1"
  resolved "https://registry.yarnpkg.com/ansi-regex/-/ansi-regex-2.1.1.tgz#c3b33ab5ee360d86e0e628f0468ae7ef27d654df"

ansi-styles@^2.2.1:
  version "2.2.1"
  resolved "https://registry.yarnpkg.com/ansi-styles/-/ansi-styles-2.2.1.tgz#b432dd3358b634cf75e1e4664368240533c1ddbe"

ansi-styles@^3.1.0:
  version "3.2.0"
  resolved "https://registry.yarnpkg.com/ansi-styles/-/ansi-styles-3.2.0.tgz#c159b8d5be0f9e5a6f346dab94f16ce022161b88"
  dependencies:
    color-convert "^1.9.0"

apollo-server-core@^1.1.0:
  version "1.1.0"
  resolved "https://registry.yarnpkg.com/apollo-server-core/-/apollo-server-core-1.1.0.tgz#74c3bf4394e14eae7ab60b1d999a3c5b8aa94e9a"
  dependencies:
    apollo-tracing "^0.0.7"

apollo-server-lambda@1.1.2:
  version "1.1.2"
  resolved "https://registry.yarnpkg.com/apollo-server-lambda/-/apollo-server-lambda-1.1.2.tgz#6f0be125a777dd1f94ffc236e183fc8ad06333d8"
  dependencies:
    apollo-server-core "^1.1.0"
    apollo-server-module-graphiql "^1.1.2"

apollo-server-module-graphiql@1.1.2, apollo-server-module-graphiql@^1.1.2:
  version "1.1.2"
  resolved "https://registry.yarnpkg.com/apollo-server-module-graphiql/-/apollo-server-module-graphiql-1.1.2.tgz#49a154cf80e984acb082bd0096175b561e1bfbcc"

apollo-tracing@^0.0.7:
  version "0.0.7"
  resolved "https://registry.yarnpkg.com/apollo-tracing/-/apollo-tracing-0.0.7.tgz#78466cfefdb52a0802a57b488d26a1a67a25909f"
  dependencies:
    graphql-tools "^1.1.0"

array-union@^1.0.1:
  version "1.0.2"
  resolved "https://registry.yarnpkg.com/array-union/-/array-union-1.0.2.tgz#9a34410e4f4e3da23dea375be5be70f24778ec39"
  dependencies:
    array-uniq "^1.0.1"

array-uniq@^1.0.1:
  version "1.0.3"
  resolved "https://registry.yarnpkg.com/array-uniq/-/array-uniq-1.0.3.tgz#af6ac877a25cc7f74e058894753858dfdb24fdb6"

aws-sdk@^2.2.33:
  version "2.124.0"
  resolved "https://registry.yarnpkg.com/aws-sdk/-/aws-sdk-2.124.0.tgz#52352b543723a2ab86d0fbd1a0cbe3e1cc16d7d2"
  dependencies:
    buffer "4.9.1"
    crypto-browserify "1.0.9"
    events "^1.1.1"
    jmespath "0.15.0"
    querystring "0.2.0"
    sax "1.2.1"
    url "0.10.3"
    uuid "3.0.1"
    xml2js "0.4.17"
    xmlbuilder "4.2.1"

b64@3.x.x:
  version "3.0.3"
  resolved "https://registry.yarnpkg.com/b64/-/b64-3.0.3.tgz#36afeee0d9345f046387ce6de8a6702afe5bb56e"

babel-code-frame@^6.26.0:
  version "6.26.0"
  resolved "https://registry.yarnpkg.com/babel-code-frame/-/babel-code-frame-6.26.0.tgz#63fd43f7dc1e3bb7ce35947db8fe369a3f58c74b"
  dependencies:
    chalk "^1.1.3"
    esutils "^2.0.2"
    js-tokens "^3.0.2"

babel-core@^6.26.0:
  version "6.26.0"
  resolved "https://registry.yarnpkg.com/babel-core/-/babel-core-6.26.0.tgz#af32f78b31a6fcef119c87b0fd8d9753f03a0bb8"
  dependencies:
    babel-code-frame "^6.26.0"
    babel-generator "^6.26.0"
    babel-helpers "^6.24.1"
    babel-messages "^6.23.0"
    babel-register "^6.26.0"
    babel-runtime "^6.26.0"
    babel-template "^6.26.0"
    babel-traverse "^6.26.0"
    babel-types "^6.26.0"
    babylon "^6.18.0"
    convert-source-map "^1.5.0"
    debug "^2.6.8"
    json5 "^0.5.1"
    lodash "^4.17.4"
    minimatch "^3.0.4"
    path-is-absolute "^1.0.1"
    private "^0.1.7"
    slash "^1.0.0"
    source-map "^0.5.6"

babel-generator@^6.26.0:
  version "6.26.0"
  resolved "https://registry.yarnpkg.com/babel-generator/-/babel-generator-6.26.0.tgz#ac1ae20070b79f6e3ca1d3269613053774f20dc5"
  dependencies:
    babel-messages "^6.23.0"
    babel-runtime "^6.26.0"
    babel-types "^6.26.0"
    detect-indent "^4.0.0"
    jsesc "^1.3.0"
    lodash "^4.17.4"
    source-map "^0.5.6"
    trim-right "^1.0.1"

babel-helpers@^6.24.1:
  version "6.24.1"
  resolved "https://registry.yarnpkg.com/babel-helpers/-/babel-helpers-6.24.1.tgz#3471de9caec388e5c850e597e58a26ddf37602b2"
  dependencies:
    babel-runtime "^6.22.0"
    babel-template "^6.24.1"

babel-messages@^6.23.0:
  version "6.23.0"
  resolved "https://registry.yarnpkg.com/babel-messages/-/babel-messages-6.23.0.tgz#f3cdf4703858035b2a2951c6ec5edf6c62f2630e"
  dependencies:
    babel-runtime "^6.22.0"

babel-register@^6.18.0, babel-register@^6.26.0:
  version "6.26.0"
  resolved "https://registry.yarnpkg.com/babel-register/-/babel-register-6.26.0.tgz#6ed021173e2fcb486d7acb45c6009a856f647071"
  dependencies:
    babel-core "^6.26.0"
    babel-runtime "^6.26.0"
    core-js "^2.5.0"
    home-or-tmp "^2.0.0"
    lodash "^4.17.4"
    mkdirp "^0.5.1"
    source-map-support "^0.4.15"

babel-runtime@^6.22.0, babel-runtime@^6.26.0:
  version "6.26.0"
  resolved "https://registry.yarnpkg.com/babel-runtime/-/babel-runtime-6.26.0.tgz#965c7058668e82b55d7bfe04ff2337bc8b5647fe"
  dependencies:
    core-js "^2.4.0"
    regenerator-runtime "^0.11.0"

babel-template@^6.24.1, babel-template@^6.26.0:
  version "6.26.0"
  resolved "https://registry.yarnpkg.com/babel-template/-/babel-template-6.26.0.tgz#de03e2d16396b069f46dd9fff8521fb1a0e35e02"
  dependencies:
    babel-runtime "^6.26.0"
    babel-traverse "^6.26.0"
    babel-types "^6.26.0"
    babylon "^6.18.0"
    lodash "^4.17.4"

babel-traverse@^6.26.0:
  version "6.26.0"
  resolved "https://registry.yarnpkg.com/babel-traverse/-/babel-traverse-6.26.0.tgz#46a9cbd7edcc62c8e5c064e2d2d8d0f4035766ee"
  dependencies:
    babel-code-frame "^6.26.0"
    babel-messages "^6.23.0"
    babel-runtime "^6.26.0"
    babel-types "^6.26.0"
    babylon "^6.18.0"
    debug "^2.6.8"
    globals "^9.18.0"
    invariant "^2.2.2"
    lodash "^4.17.4"

babel-types@^6.26.0:
  version "6.26.0"
  resolved "https://registry.yarnpkg.com/babel-types/-/babel-types-6.26.0.tgz#a3b073f94ab49eb6fa55cd65227a334380632497"
  dependencies:
    babel-runtime "^6.26.0"
    esutils "^2.0.2"
    lodash "^4.17.4"
    to-fast-properties "^1.0.3"

babylon@^6.18.0:
  version "6.18.0"
  resolved "https://registry.yarnpkg.com/babylon/-/babylon-6.18.0.tgz#af2f3b88fa6f5c1e4c634d1a0f8eac4f55b395e3"

balanced-match@^1.0.0:
  version "1.0.0"
  resolved "https://registry.yarnpkg.com/balanced-match/-/balanced-match-1.0.0.tgz#89b4d199ab2bee49de164ea02b89ce462d71b767"

base64-js@^1.0.2:
  version "1.2.1"
  resolved "https://registry.yarnpkg.com/base64-js/-/base64-js-1.2.1.tgz#a91947da1f4a516ea38e5b4ec0ec3773675e0886"

boom@3.X.X, boom@3.x.x:
  version "3.2.2"
  resolved "https://registry.yarnpkg.com/boom/-/boom-3.2.2.tgz#0f0cc5d04adc5003b8c7d71f42cca7271fef0e78"
  dependencies:
    hoek "4.x.x"

boom@4.x.x, boom@^4.2.0:
  version "4.3.1"
  resolved "https://registry.yarnpkg.com/boom/-/boom-4.3.1.tgz#4f8a3005cb4a7e3889f749030fd25b96e01d2e31"
  dependencies:
    hoek "4.x.x"

boom@5.x.x:
  version "5.2.0"
  resolved "https://registry.yarnpkg.com/boom/-/boom-5.2.0.tgz#5dd9da6ee3a5f302077436290cb717d3f4a54e02"
  dependencies:
    hoek "4.x.x"

brace-expansion@^1.1.7:
  version "1.1.8"
  resolved "https://registry.yarnpkg.com/brace-expansion/-/brace-expansion-1.1.8.tgz#c07b211c7c952ec1f8efd51a77ef0d1d3990a292"
  dependencies:
    balanced-match "^1.0.0"
    concat-map "0.0.1"

buffer@4.9.1:
  version "4.9.1"
  resolved "https://registry.yarnpkg.com/buffer/-/buffer-4.9.1.tgz#6d1bb601b07a4efced97094132093027c95bc298"
  dependencies:
    base64-js "^1.0.2"
    ieee754 "^1.1.4"
    isarray "^1.0.0"

call@3.x.x:
  version "3.0.4"
  resolved "https://registry.yarnpkg.com/call/-/call-3.0.4.tgz#e380f2f2a491330aa79085355f8be080877d559e"
  dependencies:
    boom "4.x.x"
    hoek "4.x.x"

catbox-memory@2.x.x:
  version "2.0.4"
  resolved "https://registry.yarnpkg.com/catbox-memory/-/catbox-memory-2.0.4.tgz#433e255902caf54233d1286429c8f4df14e822d5"
  dependencies:
    hoek "4.x.x"

catbox@7.x.x:
  version "7.1.5"
  resolved "https://registry.yarnpkg.com/catbox/-/catbox-7.1.5.tgz#c56f7e8e9555d27c0dc038a96ef73e57d186bb1f"
  dependencies:
    boom "5.x.x"
    hoek "4.x.x"
    joi "10.x.x"

chalk@^1.1.3:
  version "1.1.3"
  resolved "https://registry.yarnpkg.com/chalk/-/chalk-1.1.3.tgz#a8115c55e4a702fe4d150abd3872822a7e09fc98"
  dependencies:
    ansi-styles "^2.2.1"
    escape-string-regexp "^1.0.2"
    has-ansi "^2.0.0"
    strip-ansi "^3.0.0"
    supports-color "^2.0.0"

chalk@^2.0.1:
  version "2.1.0"
  resolved "https://registry.yarnpkg.com/chalk/-/chalk-2.1.0.tgz#ac5becf14fa21b99c6c92ca7a7d7cfd5b17e743e"
  dependencies:
    ansi-styles "^3.1.0"
    escape-string-regexp "^1.0.5"
    supports-color "^4.0.0"

class.extend@0.9.2:
  version "0.9.2"
  resolved "https://registry.yarnpkg.com/class.extend/-/class.extend-0.9.2.tgz#e1cbda3697cb31d3cdab1c001d269075c9031f78"

color-convert@^1.9.0:
  version "1.9.0"
  resolved "https://registry.yarnpkg.com/color-convert/-/color-convert-1.9.0.tgz#1accf97dd739b983bf994d56fec8f95853641b7a"
  dependencies:
    color-name "^1.1.1"

color-name@^1.1.1:
  version "1.1.3"
  resolved "https://registry.yarnpkg.com/color-name/-/color-name-1.1.3.tgz#a7d0558bd89c42f795dd42328f740831ca53bc25"

concat-map@0.0.1:
  version "0.0.1"
  resolved "https://registry.yarnpkg.com/concat-map/-/concat-map-0.0.1.tgz#d8a96bd77fd68df7793a73036a3ba0d5405d477b"

content@3.x.x:
  version "3.0.6"
  resolved "https://registry.yarnpkg.com/content/-/content-3.0.6.tgz#9c2e301e9ae515ed65a4b877d78aa5659bb1b809"
  dependencies:
    boom "5.x.x"

convert-source-map@^1.5.0:
  version "1.5.0"
  resolved "https://registry.yarnpkg.com/convert-source-map/-/convert-source-map-1.5.0.tgz#9acd70851c6d5dfdd93d9282e5edf94a03ff46b5"

core-js@^2.4.0, core-js@^2.5.0:
  version "2.5.1"
  resolved "https://registry.yarnpkg.com/core-js/-/core-js-2.5.1.tgz#ae6874dc66937789b80754ff5428df66819ca50b"

cryptiles@3.x.x:
  version "3.1.2"
  resolved "https://registry.yarnpkg.com/cryptiles/-/cryptiles-3.1.2.tgz#a89fbb220f5ce25ec56e8c4aa8a4fd7b5b0d29fe"
  dependencies:
    boom "5.x.x"

crypto-browserify@1.0.9:
  version "1.0.9"
  resolved "https://registry.yarnpkg.com/crypto-browserify/-/crypto-browserify-1.0.9.tgz#cc5449685dfb85eb11c9828acc7cb87ab5bbfcc0"

crypto@^0.0.3:
  version "0.0.3"
  resolved "https://registry.yarnpkg.com/crypto/-/crypto-0.0.3.tgz#470a81b86be4c5ee17acc8207a1f5315ae20dbb0"

debug@^2.6.8:
  version "2.6.8"
  resolved "https://registry.yarnpkg.com/debug/-/debug-2.6.8.tgz#e731531ca2ede27d188222427da17821d68ff4fc"
  dependencies:
    ms "2.0.0"

deprecated-decorator@^0.1.6:
  version "0.1.6"
  resolved "https://registry.yarnpkg.com/deprecated-decorator/-/deprecated-decorator-0.1.6.tgz#00966317b7a12fe92f3cc831f7583af329b86c37"

detect-indent@^4.0.0:
  version "4.0.0"
  resolved "https://registry.yarnpkg.com/detect-indent/-/detect-indent-4.0.0.tgz#f76d064352cdf43a1cb6ce619c4ee3a9475de208"
  dependencies:
    repeating "^2.0.0"

escape-string-regexp@^1.0.2, escape-string-regexp@^1.0.5:
  version "1.0.5"
  resolved "https://registry.yarnpkg.com/escape-string-regexp/-/escape-string-regexp-1.0.5.tgz#1b61c0562190a8dff6ae3bb2cf0200ca130b86d4"

esutils@^2.0.2:
  version "2.0.2"
  resolved "https://registry.yarnpkg.com/esutils/-/esutils-2.0.2.tgz#0abf4f1caa5bcb1f7a9d8acc6dea4faaa04bac9b"

events@^1.1.1:
  version "1.1.1"
  resolved "https://registry.yarnpkg.com/events/-/events-1.1.1.tgz#9ebdb7635ad099c70dcc4c2a1f5004288e8bd924"

fs-extra@^2.0.0:
  version "2.1.2"
  resolved "https://registry.yarnpkg.com/fs-extra/-/fs-extra-2.1.2.tgz#046c70163cef9aad46b0e4a7fa467fb22d71de35"
  dependencies:
    graceful-fs "^4.1.2"
    jsonfile "^2.1.0"

fs-p@2.0.0:
  version "2.0.0"
  resolved "https://registry.yarnpkg.com/fs-p/-/fs-p-2.0.0.tgz#66784a012473c700b68fb76ac2120eccc6b0602b"
  dependencies:
    fs-extra "^2.0.0"

fs.realpath@^1.0.0:
  version "1.0.0"
  resolved "https://registry.yarnpkg.com/fs.realpath/-/fs.realpath-1.0.0.tgz#1504ad2523158caa40db4a2787cb01411994ea4f"

glob@^7.0.3:
  version "7.1.2"
  resolved "https://registry.yarnpkg.com/glob/-/glob-7.1.2.tgz#c19c9df9a028702d678612384a6552404c636d15"
  dependencies:
    fs.realpath "^1.0.0"
    inflight "^1.0.4"
    inherits "2"
    minimatch "^3.0.4"
    once "^1.3.0"
    path-is-absolute "^1.0.0"

globals@^9.18.0:
  version "9.18.0"
  resolved "https://registry.yarnpkg.com/globals/-/globals-9.18.0.tgz#aa3896b3e69b487f17e31ed2143d69a8e30c2d8a"

globby@^6.1.0:
  version "6.1.0"
  resolved "https://registry.yarnpkg.com/globby/-/globby-6.1.0.tgz#f5a6d70e8395e21c858fb0489d64df02424d506c"
  dependencies:
    array-union "^1.0.1"
    glob "^7.0.3"
    object-assign "^4.0.1"
    pify "^2.0.0"
    pinkie-promise "^2.0.0"

graceful-fs@^4.1.2, graceful-fs@^4.1.6:
  version "4.1.11"
  resolved "https://registry.yarnpkg.com/graceful-fs/-/graceful-fs-4.1.11.tgz#0e8bdfe4d1ddb8854d64e04ea7c00e2a026e5658"

graphql-tools@1.2.3, graphql-tools@^1.1.0:
  version "1.2.3"
  resolved "https://registry.yarnpkg.com/graphql-tools/-/graphql-tools-1.2.3.tgz#079bf4d157e46c0a0bae9fec117e0eea6e03ba2c"
  dependencies:
    deprecated-decorator "^0.1.6"
    uuid "^3.0.1"
  optionalDependencies:
    "@types/graphql" "^0.9.0"

graphql@0.11.3:
  version "0.11.3"
  resolved "https://registry.yarnpkg.com/graphql/-/graphql-0.11.3.tgz#9934e2df28f17d397a85f83cb39d1d179bffef47"
  dependencies:
    iterall "^1.1.0"

h2o2@^5.4.0:
  version "5.4.0"
  resolved "https://registry.yarnpkg.com/h2o2/-/h2o2-5.4.0.tgz#d6857ca05355200c890b34a66606caba0229ed58"
  dependencies:
    boom "3.X.X"
    hoek "4.X.X"
    joi "9.X.X"
    wreck "9.X.X"

hapi-cors-headers@^1.0.0:
  version "1.0.0"
  resolved "https://registry.yarnpkg.com/hapi-cors-headers/-/hapi-cors-headers-1.0.0.tgz#ab01318aff3d3a4aa8a4b90e250b509d6d8928f0"

hapi@14.2.0:
  version "14.2.0"
  resolved "https://registry.yarnpkg.com/hapi/-/hapi-14.2.0.tgz#e4fe2fc182598a0f81e87b41b6be0fbd31c75409"
  dependencies:
    accept "2.x.x"
    ammo "2.x.x"
    boom "3.x.x"
    call "3.x.x"
    catbox "7.x.x"
    catbox-memory "2.x.x"
    cryptiles "3.x.x"
    heavy "4.x.x"
    hoek "4.x.x"
    iron "4.x.x"
    items "2.x.x"
    joi "9.x.x"
    kilt "2.x.x"
    mimos "3.x.x"
    peekaboo "2.x.x"
    shot "3.x.x"
    statehood "4.x.x"
    subtext "4.x.x"
    topo "2.x.x"

has-ansi@^2.0.0:
  version "2.0.0"
  resolved "https://registry.yarnpkg.com/has-ansi/-/has-ansi-2.0.0.tgz#34f5049ce1ecdf2b0649af3ef24e45ed35416d91"
  dependencies:
    ansi-regex "^2.0.0"

has-flag@^2.0.0:
  version "2.0.0"
  resolved "https://registry.yarnpkg.com/has-flag/-/has-flag-2.0.0.tgz#e8207af1cc7b30d446cc70b734b5e8be18f88d51"

heavy@4.x.x:
  version "4.0.4"
  resolved "https://registry.yarnpkg.com/heavy/-/heavy-4.0.4.tgz#36c91336c00ccfe852caa4d153086335cd2f00e9"
  dependencies:
    boom "5.x.x"
    hoek "4.x.x"
    joi "10.x.x"

hoek@4.X.X, hoek@4.x.x:
  version "4.2.0"
  resolved "https://registry.yarnpkg.com/hoek/-/hoek-4.2.0.tgz#72d9d0754f7fe25ca2d01ad8f8f9a9449a89526d"

home-or-tmp@^2.0.0:
  version "2.0.0"
  resolved "https://registry.yarnpkg.com/home-or-tmp/-/home-or-tmp-2.0.0.tgz#e36c3f2d2cae7d746a857e38d18d5f32a7882db8"
  dependencies:
    os-homedir "^1.0.0"
    os-tmpdir "^1.0.1"

ieee754@^1.1.4:
  version "1.1.8"
  resolved "https://registry.yarnpkg.com/ieee754/-/ieee754-1.1.8.tgz#be33d40ac10ef1926701f6f08a2d86fbfd1ad3e4"

inflight@^1.0.4:
  version "1.0.6"
  resolved "https://registry.yarnpkg.com/inflight/-/inflight-1.0.6.tgz#49bd6331d7d02d0c09bc910a1075ba8165b56df9"
  dependencies:
    once "^1.3.0"
    wrappy "1"

inherits@2:
  version "2.0.3"
  resolved "https://registry.yarnpkg.com/inherits/-/inherits-2.0.3.tgz#633c2c83e3da42a502f52466022480f4208261de"

invariant@^2.2.2:
  version "2.2.2"
  resolved "https://registry.yarnpkg.com/invariant/-/invariant-2.2.2.tgz#9e1f56ac0acdb6bf303306f338be3b204ae60360"
  dependencies:
    loose-envify "^1.0.0"

iron@4.x.x:
  version "4.0.5"
  resolved "https://registry.yarnpkg.com/iron/-/iron-4.0.5.tgz#4f042cceb8b9738f346b59aa734c83a89bc31428"
  dependencies:
    boom "5.x.x"
    cryptiles "3.x.x"
    hoek "4.x.x"

is-finite@^1.0.0:
  version "1.0.2"
  resolved "https://registry.yarnpkg.com/is-finite/-/is-finite-1.0.2.tgz#cc6677695602be550ef11e8b4aa6305342b6d0aa"
  dependencies:
    number-is-nan "^1.0.0"

isarray@^1.0.0:
  version "1.0.0"
  resolved "https://registry.yarnpkg.com/isarray/-/isarray-1.0.0.tgz#bb935d48582cba168c06834957a54a3e07124f11"

isemail@2.x.x:
  version "2.2.1"
  resolved "https://registry.yarnpkg.com/isemail/-/isemail-2.2.1.tgz#0353d3d9a62951080c262c2aa0a42b8ea8e9e2a6"

items@2.x.x:
  version "2.1.1"
  resolved "https://registry.yarnpkg.com/items/-/items-2.1.1.tgz#8bd16d9c83b19529de5aea321acaada78364a198"

iterall@^1.1.0:
  version "1.1.1"
  resolved "https://registry.yarnpkg.com/iterall/-/iterall-1.1.1.tgz#f7f0af11e9a04ec6426260f5019d9fcca4d50214"

jmespath@0.15.0:
  version "0.15.0"
  resolved "https://registry.yarnpkg.com/jmespath/-/jmespath-0.15.0.tgz#a3f222a9aae9f966f5d27c796510e28091764217"

joi@10.x.x:
  version "10.6.0"
  resolved "https://registry.yarnpkg.com/joi/-/joi-10.6.0.tgz#52587f02d52b8b75cdb0c74f0b164a191a0e1fc2"
  dependencies:
    hoek "4.x.x"
    isemail "2.x.x"
    items "2.x.x"
    topo "2.x.x"

joi@9.X.X, joi@9.x.x:
  version "9.2.0"
  resolved "https://registry.yarnpkg.com/joi/-/joi-9.2.0.tgz#3385ac790192130cbe230e802ec02c9215bbfeda"
  dependencies:
    hoek "4.x.x"
    isemail "2.x.x"
    items "2.x.x"
    moment "2.x.x"
    topo "2.x.x"

js-string-escape@^1.0.1:
  version "1.0.1"
  resolved "https://registry.yarnpkg.com/js-string-escape/-/js-string-escape-1.0.1.tgz#e2625badbc0d67c7533e9edc1068c587ae4137ef"

js-tokens@^3.0.0, js-tokens@^3.0.2:
  version "3.0.2"
  resolved "https://registry.yarnpkg.com/js-tokens/-/js-tokens-3.0.2.tgz#9866df395102130e38f7f996bceb65443209c25b"

jsesc@^1.3.0:
  version "1.3.0"
  resolved "https://registry.yarnpkg.com/jsesc/-/jsesc-1.3.0.tgz#46c3fec8c1892b12b0833db9bc7622176dbab34b"

json5@^0.5.1:
  version "0.5.1"
  resolved "https://registry.yarnpkg.com/json5/-/json5-0.5.1.tgz#1eade7acc012034ad84e2396767ead9fa5495821"

jsonfile@^2.1.0:
  version "2.4.0"
  resolved "https://registry.yarnpkg.com/jsonfile/-/jsonfile-2.4.0.tgz#3736a2b428b87bbda0cc83b53fa3d633a35c2ae8"
  optionalDependencies:
    graceful-fs "^4.1.6"

jsonpath-plus@^0.16.0:
  version "0.16.0"
  resolved "https://registry.yarnpkg.com/jsonpath-plus/-/jsonpath-plus-0.16.0.tgz#fe441b23f03ec6979a5603513988cd3edb7db5dc"

kilt@2.x.x:
  version "2.0.2"
  resolved "https://registry.yarnpkg.com/kilt/-/kilt-2.0.2.tgz#04d7183c298a1232efddf7ddca5959a8f6301e20"
  dependencies:
    hoek "4.x.x"

lodash@4.17.2:
  version "4.17.2"
  resolved "https://registry.yarnpkg.com/lodash/-/lodash-4.17.2.tgz#34a3055babe04ce42467b607d700072c7ff6bf42"

lodash@^4.0.0, lodash@^4.17.4:
  version "4.17.4"
  resolved "https://registry.yarnpkg.com/lodash/-/lodash-4.17.4.tgz#78203a4d1c328ae1d86dca6460e369b57f4055ae"

loose-envify@^1.0.0:
  version "1.3.1"
  resolved "https://registry.yarnpkg.com/loose-envify/-/loose-envify-1.3.1.tgz#d1a8ad33fa9ce0e713d65fdd0ac8b748d478c848"
  dependencies:
    js-tokens "^3.0.0"

mime-db@1.x.x:
  version "1.30.0"
  resolved "https://registry.yarnpkg.com/mime-db/-/mime-db-1.30.0.tgz#74c643da2dd9d6a45399963465b26d5ca7d71f01"

mimos@3.x.x:
  version "3.0.3"
  resolved "https://registry.yarnpkg.com/mimos/-/mimos-3.0.3.tgz#b9109072ad378c2b72f6a0101c43ddfb2b36641f"
  dependencies:
    hoek "4.x.x"
    mime-db "1.x.x"

minimatch@^3.0.4:
  version "3.0.4"
  resolved "https://registry.yarnpkg.com/minimatch/-/minimatch-3.0.4.tgz#5166e286457f03306064be5497e8dbb0c3d32083"
  dependencies:
    brace-expansion "^1.1.7"

minimist@0.0.8:
  version "0.0.8"
  resolved "https://registry.yarnpkg.com/minimist/-/minimist-0.0.8.tgz#857fcabfc3397d2625b8228262e86aa7a011b05d"

mkdirp@^0.5.1:
  version "0.5.1"
  resolved "https://registry.yarnpkg.com/mkdirp/-/mkdirp-0.5.1.tgz#30057438eac6cf7f8c4767f38648d6697d75c903"
  dependencies:
    minimist "0.0.8"

moment@2.x.x:
  version "2.18.1"
  resolved "https://registry.yarnpkg.com/moment/-/moment-2.18.1.tgz#c36193dd3ce1c2eed2adb7c802dbbc77a81b1c0f"

ms@2.0.0:
  version "2.0.0"
  resolved "https://registry.yarnpkg.com/ms/-/ms-2.0.0.tgz#5608aeadfc00be6c2901df5f9861788de0d597c8"

nigel@2.x.x:
  version "2.0.2"
  resolved "https://registry.yarnpkg.com/nigel/-/nigel-2.0.2.tgz#93a1866fb0c52d87390aa75e2b161f4b5c75e5b1"
  dependencies:
    hoek "4.x.x"
    vise "2.x.x"

number-is-nan@^1.0.0:
  version "1.0.1"
  resolved "https://registry.yarnpkg.com/number-is-nan/-/number-is-nan-1.0.1.tgz#097b602b53422a522c1afb8790318336941a011d"

object-assign@^4.0.1:
  version "4.1.1"
  resolved "https://registry.yarnpkg.com/object-assign/-/object-assign-4.1.1.tgz#2109adc7965887cfc05cbbd442cac8bfbb360863"

once@^1.3.0:
  version "1.4.0"
  resolved "https://registry.yarnpkg.com/once/-/once-1.4.0.tgz#583b1aa775961d4b113ac17d9c50baef9dd76bd1"
  dependencies:
    wrappy "1"

os-homedir@^1.0.0:
  version "1.0.2"
  resolved "https://registry.yarnpkg.com/os-homedir/-/os-homedir-1.0.2.tgz#ffbc4988336e0e833de0c168c7ef152121aa7fb3"

os-tmpdir@^1.0.1:
  version "1.0.2"
  resolved "https://registry.yarnpkg.com/os-tmpdir/-/os-tmpdir-1.0.2.tgz#bbe67406c79aa85c5cfec766fe5734555dfa1274"

path-is-absolute@^1.0.0, path-is-absolute@^1.0.1:
  version "1.0.1"
  resolved "https://registry.yarnpkg.com/path-is-absolute/-/path-is-absolute-1.0.1.tgz#174b9268735534ffbc7ace6bf53a5a9e1b5c5f5f"

peekaboo@2.x.x:
  version "2.0.2"
  resolved "https://registry.yarnpkg.com/peekaboo/-/peekaboo-2.0.2.tgz#fc42e139efd698c6ff2870a6b20c047cd9aa29ff"

pez@2.x.x:
  version "2.1.5"
  resolved "https://registry.yarnpkg.com/pez/-/pez-2.1.5.tgz#5ec2cc62500cc3eb4236d4a414cf5a17b5eb5007"
  dependencies:
    b64 "3.x.x"
    boom "5.x.x"
    content "3.x.x"
    hoek "4.x.x"
    nigel "2.x.x"

pify@^2.0.0:
  version "2.3.0"
  resolved "https://registry.yarnpkg.com/pify/-/pify-2.3.0.tgz#ed141a6ac043a849ea588498e7dca8b15330e90c"

pinkie-promise@^2.0.0:
  version "2.0.1"
  resolved "https://registry.yarnpkg.com/pinkie-promise/-/pinkie-promise-2.0.1.tgz#2135d6dfa7a358c069ac9b178776288228450ffa"
  dependencies:
    pinkie "^2.0.0"

pinkie@^2.0.0:
  version "2.0.4"
  resolved "https://registry.yarnpkg.com/pinkie/-/pinkie-2.0.4.tgz#72556b80cfa0d48a974e80e77248e80ed4f7f870"

private@^0.1.7:
  version "0.1.7"
  resolved "https://registry.yarnpkg.com/private/-/private-0.1.7.tgz#68ce5e8a1ef0a23bb570cc28537b5332aba63ef1"

punycode@1.3.2:
  version "1.3.2"
  resolved "https://registry.yarnpkg.com/punycode/-/punycode-1.3.2.tgz#9653a036fb7c1ee42342f2325cceefea3926c48d"

querystring@0.2.0:
  version "0.2.0"
  resolved "https://registry.yarnpkg.com/querystring/-/querystring-0.2.0.tgz#b209849203bb25df820da756e747005878521620"

regenerator-runtime@^0.11.0:
  version "0.11.0"
  resolved "https://registry.yarnpkg.com/regenerator-runtime/-/regenerator-runtime-0.11.0.tgz#7e54fe5b5ccd5d6624ea6255c3473be090b802e1"

repeating@^2.0.0:
  version "2.0.1"
  resolved "https://registry.yarnpkg.com/repeating/-/repeating-2.0.1.tgz#5214c53a926d3552707527fbab415dbc08d06dda"
  dependencies:
    is-finite "^1.0.0"

sax@1.2.1:
  version "1.2.1"
  resolved "https://registry.yarnpkg.com/sax/-/sax-1.2.1.tgz#7b8e656190b228e81a66aea748480d828cd2d37a"

sax@>=0.6.0:
  version "1.2.4"
  resolved "https://registry.yarnpkg.com/sax/-/sax-1.2.4.tgz#2816234e2378bddc4e5354fab5caa895df7100d9"

serverless-domain-manager@^1.1.12:
  version "1.1.12"
  resolved "https://registry.yarnpkg.com/serverless-domain-manager/-/serverless-domain-manager-1.1.12.tgz#ad2c7990aff926b888098c0108eff117c2e97f1d"
  dependencies:
    aws-sdk "^2.2.33"
    chalk "^2.0.1"

serverless-enable-api-logs@2.0.0:
  version "2.0.0"
  resolved "https://registry.yarnpkg.com/serverless-enable-api-logs/-/serverless-enable-api-logs-2.0.0.tgz#8028fd679df6ad8b6f25ba785edb644b6d40a78d"
  dependencies:
    class.extend "0.9.2"
    lodash "4.17.2"

serverless-offline@3.15.3:
  version "3.15.3"
  resolved "https://registry.yarnpkg.com/serverless-offline/-/serverless-offline-3.15.3.tgz#3ce94632ab557e036c0068fa1cd3972413d6d735"
  dependencies:
    babel-register "^6.18.0"
    boom "^4.2.0"
    crypto "^0.0.3"
    h2o2 "^5.4.0"
    hapi "14.2.0"
    hapi-cors-headers "^1.0.0"
    js-string-escape "^1.0.1"
    jsonpath-plus "^0.16.0"
    lodash "^4.17.4"
    velocityjs "^0.9.3"

serverless-plugin-typescript@1.1.2:
  version "1.1.2"
  resolved "https://registry.yarnpkg.com/serverless-plugin-typescript/-/serverless-plugin-typescript-1.1.2.tgz#42ab58a2e419573b2d71d1cdba7e4ea4670813b2"
  dependencies:
    fs-p "2.0.0"
    globby "^6.1.0"
    lodash "^4.17.4"
    typescript "^2.2.2"

shot@3.x.x:
  version "3.4.2"
  resolved "https://registry.yarnpkg.com/shot/-/shot-3.4.2.tgz#1e5c3f6f2b26649adc42f7eb350214a5a0291d67"
  dependencies:
    hoek "4.x.x"
    joi "10.x.x"

slash@^1.0.0:
  version "1.0.0"
  resolved "https://registry.yarnpkg.com/slash/-/slash-1.0.0.tgz#c41f2f6c39fc16d1cd17ad4b5d896114ae470d55"

source-map-support@^0.4.15:
  version "0.4.18"
  resolved "https://registry.yarnpkg.com/source-map-support/-/source-map-support-0.4.18.tgz#0286a6de8be42641338594e97ccea75f0a2c585f"
  dependencies:
    source-map "^0.5.6"

source-map@^0.5.6:
  version "0.5.7"
  resolved "https://registry.yarnpkg.com/source-map/-/source-map-0.5.7.tgz#8a039d2d1021d22d1ea14c80d8ea468ba2ef3fcc"

statehood@4.x.x:
  version "4.1.0"
  resolved "https://registry.yarnpkg.com/statehood/-/statehood-4.1.0.tgz#8a2877d13d9850aab6ce877a54b778df0f43acdb"
  dependencies:
    boom "3.x.x"
    cryptiles "3.x.x"
    hoek "4.x.x"
    iron "4.x.x"
    items "2.x.x"
    joi "9.x.x"

strip-ansi@^3.0.0:
  version "3.0.1"
  resolved "https://registry.yarnpkg.com/strip-ansi/-/strip-ansi-3.0.1.tgz#6a385fb8853d952d5ff05d0e8aaf94278dc63dcf"
  dependencies:
    ansi-regex "^2.0.0"

subtext@4.x.x:
  version "4.4.1"
  resolved "https://registry.yarnpkg.com/subtext/-/subtext-4.4.1.tgz#2fcec945de429283c3d18b151ff0fa1f1b87aec9"
  dependencies:
    boom "5.x.x"
    content "3.x.x"
    hoek "4.x.x"
    pez "2.x.x"
    wreck "12.x.x"

supports-color@^2.0.0:
  version "2.0.0"
  resolved "https://registry.yarnpkg.com/supports-color/-/supports-color-2.0.0.tgz#535d045ce6b6363fa40117084629995e9df324c7"

supports-color@^4.0.0:
  version "4.4.0"
  resolved "https://registry.yarnpkg.com/supports-color/-/supports-color-4.4.0.tgz#883f7ddabc165142b2a61427f3352ded195d1a3e"
  dependencies:
    has-flag "^2.0.0"

to-fast-properties@^1.0.3:
  version "1.0.3"
  resolved "https://registry.yarnpkg.com/to-fast-properties/-/to-fast-properties-1.0.3.tgz#b83571fa4d8c25b82e231b06e3a3055de4ca1a47"

topo@2.x.x:
  version "2.0.2"
  resolved "https://registry.yarnpkg.com/topo/-/topo-2.0.2.tgz#cd5615752539057c0dc0491a621c3bc6fbe1d182"
  dependencies:
    hoek "4.x.x"

trim-right@^1.0.1:
  version "1.0.1"
  resolved "https://registry.yarnpkg.com/trim-right/-/trim-right-1.0.1.tgz#cb2e1203067e0c8de1f614094b9fe45704ea6003"

typescript@^2.2.2:
  version "2.5.2"
  resolved "https://registry.yarnpkg.com/typescript/-/typescript-2.5.2.tgz#038a95f7d9bbb420b1bf35ba31d4c5c1dd3ffe34"

url@0.10.3:
  version "0.10.3"
  resolved "https://registry.yarnpkg.com/url/-/url-0.10.3.tgz#021e4d9c7705f21bbf37d03ceb58767402774c64"
  dependencies:
    punycode "1.3.2"
    querystring "0.2.0"

uuid@3.0.1:
  version "3.0.1"
  resolved "https://registry.yarnpkg.com/uuid/-/uuid-3.0.1.tgz#6544bba2dfda8c1cf17e629a3a305e2bb1fee6c1"

uuid@^3.0.1:
  version "3.1.0"
  resolved "https://registry.yarnpkg.com/uuid/-/uuid-3.1.0.tgz#3dd3d3e790abc24d7b0d3a034ffababe28ebbc04"

velocityjs@^0.9.3:
  version "0.9.6"
  resolved "https://registry.yarnpkg.com/velocityjs/-/velocityjs-0.9.6.tgz#6ec82e99aa27492d2d62360c161afc4f82db89e2"

vise@2.x.x:
  version "2.0.2"
  resolved "https://registry.yarnpkg.com/vise/-/vise-2.0.2.tgz#6b08e8fb4cb76e3a50cd6dd0ec37338e811a0d39"
  dependencies:
    hoek "4.x.x"

wrappy@1:
  version "1.0.2"
  resolved "https://registry.yarnpkg.com/wrappy/-/wrappy-1.0.2.tgz#b5243d8f3ec1aa35f1364605bc0d1036e30ab69f"

wreck@12.x.x:
  version "12.5.0"
  resolved "https://registry.yarnpkg.com/wreck/-/wreck-12.5.0.tgz#6825c017081d7e8f46ee74ce11fa5852aa8e72a7"
  dependencies:
    boom "5.x.x"
    hoek "4.x.x"

wreck@9.X.X:
  version "9.0.0"
  resolved "https://registry.yarnpkg.com/wreck/-/wreck-9.0.0.tgz#1de63d49bb07b94fe718864b8be63176e63331ec"
  dependencies:
    boom "3.x.x"
    hoek "4.x.x"

xml2js@0.4.17:
  version "0.4.17"
  resolved "https://registry.yarnpkg.com/xml2js/-/xml2js-0.4.17.tgz#17be93eaae3f3b779359c795b419705a8817e868"
  dependencies:
    sax ">=0.6.0"
    xmlbuilder "^4.1.0"

xmlbuilder@4.2.1, xmlbuilder@^4.1.0:
  version "4.2.1"
  resolved "https://registry.yarnpkg.com/xmlbuilder/-/xmlbuilder-4.2.1.tgz#aa58a3041a066f90eaa16c2f5389ff19f3f461a5"
  dependencies:
    lodash "^4.0.0"
